
Microsoft Visual Studio Solution File, Format Version 12.00
Project("{FAE04EC0-301F-11D3-BF4B-00C04F79EFBC}") = "Module17", "Module17\Module17.csproj", "{665F56DD-A957-4905-84B9-12D31872B118}"
EndProject
Global
	GlobalSection(SolutionConfigurationPlatforms) = preSolution
		Debug|Any CPU = Debug|Any CPU
		Release|Any CPU = Release|Any CPU
	EndGlobalSection
	GlobalSection(ProjectConfigurationPlatforms) = postSolution
		{665F56DD-A957-4905-84B9-12D31872B118}.Debug|Any CPU.ActiveCfg = Debug|Any CPU
		{665F56DD-A957-4905-84B9-12D31872B118}.Debug|Any CPU.Build.0 = Debug|Any CPU
		{665F56DD-A957-4905-84B9-12D31872B118}.Release|Any CPU.ActiveCfg = Release|Any CPU
		{665F56DD-A957-4905-84B9-12D31872B118}.Release|Any CPU.Build.0 = Release|Any CPU
	EndGlobalSection
EndGlobal
